// !$*UTF8*$!
{
	archiveVersion = 1;
	classes = {
	};
	objectVersion = 46;
	objects = {

/* Begin PBXBuildFile section */
		EB6FA6551C170FEC00313E15 /* AppDelegate.swift in Sources */ = {isa = PBXBuildFile; fileRef = EB6FA6541C170FEC00313E15 /* AppDelegate.swift */; };
		EB6FA6571C170FEC00313E15 /* ViewController.swift in Sources */ = {isa = PBXBuildFile; fileRef = EB6FA6561C170FEC00313E15 /* ViewController.swift */; };
		EB6FA65A1C170FED00313E15 /* Main.storyboard in Resources */ = {isa = PBXBuildFile; fileRef = EB6FA6581C170FED00313E15 /* Main.storyboard */; };
		EB6FA65C1C170FED00313E15 /* Assets.xcassets in Resources */ = {isa = PBXBuildFile; fileRef = EB6FA65B1C170FED00313E15 /* Assets.xcassets */; };
		EB6FA65F1C170FED00313E15 /* LaunchScreen.storyboard in Resources */ = {isa = PBXBuildFile; fileRef = EB6FA65D1C170FED00313E15 /* LaunchScreen.storyboard */; };
		EB6FA6671C171F2E00313E15 /* pokemon.csv in Resources */ = {isa = PBXBuildFile; fileRef = EB6FA6661C171F2E00313E15 /* pokemon.csv */; };
		EB6FA66C1C174EFE00313E15 /* Pokemon.swift in Sources */ = {isa = PBXBuildFile; fileRef = EB6FA66B1C174EFE00313E15 /* Pokemon.swift */; };
		EB6FA66E1C175EB700313E15 /* PokeCell.swift in Sources */ = {isa = PBXBuildFile; fileRef = EB6FA66D1C175EB700313E15 /* PokeCell.swift */; };
		EB6FA6701C18533100313E15 /* csv.swift in Sources */ = {isa = PBXBuildFile; fileRef = EB6FA66F1C18533100313E15 /* csv.swift */; };
		EB6FA6741C185DD800313E15 /* PokemonSolid.ttf in Resources */ = {isa = PBXBuildFile; fileRef = EB6FA6731C185DD800313E15 /* PokemonSolid.ttf */; };
		EB6FA6761C1860E700313E15 /* music.mp3 in Resources */ = {isa = PBXBuildFile; fileRef = EB6FA6751C1860E700313E15 /* music.mp3 */; };
		EB6FA6781C1889C900313E15 /* PokemonDetailVC.swift in Sources */ = {isa = PBXBuildFile; fileRef = EB6FA6771C1889C900313E15 /* PokemonDetailVC.swift */; };
		EB8649D31C1B06E200C6407E /* Constants.swift in Sources */ = {isa = PBXBuildFile; fileRef = EB8649D21C1B06E200C6407E /* Constants.swift */; };
		FA3549ECA9DCC94864821264 /* Pods_pokedex_by_devslopes.framework in Frameworks */ = {isa = PBXBuildFile; fileRef = 2D8241E0BE178E1B17740638 /* Pods_pokedex_by_devslopes.framework */; };
/* End PBXBuildFile section */

/* Begin PBXFileReference section */
		2D8241E0BE178E1B17740638 /* Pods_pokedex_by_devslopes.framework */ = {isa = PBXFileReference; explicitFileType = wrapper.framework; includeInIndex = 0; path = Pods_pokedex_by_devslopes.framework; sourceTree = BUILT_PRODUCTS_DIR; };
		645A6E6C3E01E9879A83BCE1 /* Pods-pokedex-by-devslopes.release.xcconfig */ = {isa = PBXFileReference; includeInIndex = 1; lastKnownFileType = text.xcconfig; name = "Pods-pokedex-by-devslopes.release.xcconfig"; path = "Pods/Target Support Files/Pods-pokedex-by-devslopes/Pods-pokedex-by-devslopes.release.xcconfig"; sourceTree = "<group>"; };
		7781A0F0EFC3E1339D4F946A /* Pods-pokedex-by-devslopes.debug.xcconfig */ = {isa = PBXFileReference; includeInIndex = 1; lastKnownFileType = text.xcconfig; name = "Pods-pokedex-by-devslopes.debug.xcconfig"; path = "Pods/Target Support Files/Pods-pokedex-by-devslopes/Pods-pokedex-by-devslopes.debug.xcconfig"; sourceTree = "<group>"; };
		EB6FA6511C170FEC00313E15 /* pokedex-by-devslopes.app */ = {isa = PBXFileReference; explicitFileType = wrapper.application; includeInIndex = 0; path = "pokedex-by-devslopes.app"; sourceTree = BUILT_PRODUCTS_DIR; };
		EB6FA6541C170FEC00313E15 /* AppDelegate.swift */ = {isa = PBXFileReference; lastKnownFileType = sourcecode.swift; path = AppDelegate.swift; sourceTree = "<group>"; };
		EB6FA6561C170FEC00313E15 /* ViewController.swift */ = {isa = PBXFileReference; lastKnownFileType = sourcecode.swift; path = ViewController.swift; sourceTree = "<group>"; };
		EB6FA6591C170FED00313E15 /* Base */ = {isa = PBXFileReference; lastKnownFileType = file.storyboard; name = Base; path = Base.lproj/Main.storyboard; sourceTree = "<group>"; };
		EB6FA65B1C170FED00313E15 /* Assets.xcassets */ = {isa = PBXFileReference; lastKnownFileType = folder.assetcatalog; path = Assets.xcassets; sourceTree = "<group>"; };
		EB6FA65E1C170FED00313E15 /* Base */ = {isa = PBXFileReference; lastKnownFileType = file.storyboard; name = Base; path = Base.lproj/LaunchScreen.storyboard; sourceTree = "<group>"; };
		EB6FA6601C170FED00313E15 /* Info.plist */ = {isa = PBXFileReference; lastKnownFileType = text.plist.xml; path = Info.plist; sourceTree = "<group>"; };
		EB6FA6661C171F2E00313E15 /* pokemon.csv */ = {isa = PBXFileReference; fileEncoding = 4; lastKnownFileType = text; path = pokemon.csv; sourceTree = "<group>"; };
		EB6FA66B1C174EFE00313E15 /* Pokemon.swift */ = {isa = PBXFileReference; fileEncoding = 4; lastKnownFileType = sourcecode.swift; path = Pokemon.swift; sourceTree = "<group>"; };
		EB6FA66D1C175EB700313E15 /* PokeCell.swift */ = {isa = PBXFileReference; fileEncoding = 4; lastKnownFileType = sourcecode.swift; path = PokeCell.swift; sourceTree = "<group>"; };
		EB6FA66F1C18533100313E15 /* csv.swift */ = {isa = PBXFileReference; fileEncoding = 4; lastKnownFileType = sourcecode.swift; path = csv.swift; sourceTree = "<group>"; };
		EB6FA6731C185DD800313E15 /* PokemonSolid.ttf */ = {isa = PBXFileReference; lastKnownFileType = file; path = PokemonSolid.ttf; sourceTree = "<group>"; };
		EB6FA6751C1860E700313E15 /* music.mp3 */ = {isa = PBXFileReference; lastKnownFileType = audio.mp3; path = music.mp3; sourceTree = "<group>"; };
		EB6FA6771C1889C900313E15 /* PokemonDetailVC.swift */ = {isa = PBXFileReference; fileEncoding = 4; lastKnownFileType = sourcecode.swift; path = PokemonDetailVC.swift; sourceTree = "<group>"; };
		EB8649D21C1B06E200C6407E /* Constants.swift */ = {isa = PBXFileReference; fileEncoding = 4; lastKnownFileType = sourcecode.swift; path = Constants.swift; sourceTree = "<group>"; };
/* End PBXFileReference section */

/* Begin PBXFrameworksBuildPhase section */
		EB6FA64E1C170FEC00313E15 /* Frameworks */ = {
			isa = PBXFrameworksBuildPhase;
			buildActionMask = 2147483647;
			files = (
				FA3549ECA9DCC94864821264 /* Pods_pokedex_by_devslopes.framework in Frameworks */,
			);
			runOnlyForDeploymentPostprocessing = 0;
		};
/* End PBXFrameworksBuildPhase section */

/* Begin PBXGroup section */
		B018C8F740F31BBAE545B408 /* Pods */ = {
			isa = PBXGroup;
			children = (
				7781A0F0EFC3E1339D4F946A /* Pods-pokedex-by-devslopes.debug.xcconfig */,
				645A6E6C3E01E9879A83BCE1 /* Pods-pokedex-by-devslopes.release.xcconfig */,
			);
			name = Pods;
			sourceTree = "<group>";
		};
		C9B3975FBAB8D772A136C1AD /* Frameworks */ = {
			isa = PBXGroup;
			children = (
				2D8241E0BE178E1B17740638 /* Pods_pokedex_by_devslopes.framework */,
			);
			name = Frameworks;
			sourceTree = "<group>";
		};
		EB6FA6481C170FEC00313E15 = {
			isa = PBXGroup;
			children = (
				EB6FA6531C170FEC00313E15 /* pokedex-by-devslopes */,
				EB6FA6521C170FEC00313E15 /* Products */,
				B018C8F740F31BBAE545B408 /* Pods */,
				C9B3975FBAB8D772A136C1AD /* Frameworks */,
			);
			sourceTree = "<group>";
		};
		EB6FA6521C170FEC00313E15 /* Products */ = {
			isa = PBXGroup;
			children = (
				EB6FA6511C170FEC00313E15 /* pokedex-by-devslopes.app */,
			);
			name = Products;
			sourceTree = "<group>";
		};
		EB6FA6531C170FEC00313E15 /* pokedex-by-devslopes */ = {
			isa = PBXGroup;
			children = (
				EB6FA66A1C174EF000313E15 /* Model */,
				EB6FA6691C174EEB00313E15 /* View */,
				EB6FA6681C174EE300313E15 /* Controller */,
				EB6FA6711C18534D00313E15 /* Util */,
				EB6FA6721C18536D00313E15 /* Resources */,
				EB6FA6541C170FEC00313E15 /* AppDelegate.swift */,
				EB6FA6581C170FED00313E15 /* Main.storyboard */,
				EB6FA65B1C170FED00313E15 /* Assets.xcassets */,
				EB6FA65D1C170FED00313E15 /* LaunchScreen.storyboard */,
				EB6FA6601C170FED00313E15 /* Info.plist */,
			);
			path = "pokedex-by-devslopes";
			sourceTree = "<group>";
		};
		EB6FA6681C174EE300313E15 /* Controller */ = {
			isa = PBXGroup;
			children = (
				EB6FA6561C170FEC00313E15 /* ViewController.swift */,
				EB6FA6771C1889C900313E15 /* PokemonDetailVC.swift */,
			);
			name = Controller;
			sourceTree = "<group>";
		};
		EB6FA6691C174EEB00313E15 /* View */ = {
			isa = PBXGroup;
			children = (
				EB6FA66D1C175EB700313E15 /* PokeCell.swift */,
			);
			name = View;
			sourceTree = "<group>";
		};
		EB6FA66A1C174EF000313E15 /* Model */ = {
			isa = PBXGroup;
			children = (
				EB6FA66B1C174EFE00313E15 /* Pokemon.swift */,
			);
			name = Model;
			sourceTree = "<group>";
		};
		EB6FA6711C18534D00313E15 /* Util */ = {
			isa = PBXGroup;
			children = (
				EB6FA66F1C18533100313E15 /* csv.swift */,
				EB8649D21C1B06E200C6407E /* Constants.swift */,
			);
			name = Util;
			sourceTree = "<group>";
		};
		EB6FA6721C18536D00313E15 /* Resources */ = {
			isa = PBXGroup;
			children = (
				EB6FA6751C1860E700313E15 /* music.mp3 */,
				EB6FA6731C185DD800313E15 /* PokemonSolid.ttf */,
				EB6FA6661C171F2E00313E15 /* pokemon.csv */,
			);
			name = Resources;
			sourceTree = "<group>";
		};
/* End PBXGroup section */

/* Begin PBXNativeTarget section */
		EB6FA6501C170FEC00313E15 /* pokedex-by-devslopes */ = {
			isa = PBXNativeTarget;
			buildConfigurationList = EB6FA6631C170FED00313E15 /* Build configuration list for PBXNativeTarget "pokedex-by-devslopes" */;
			buildPhases = (
				8A0B13546CA3F846BC02188D /* Check Pods Manifest.lock */,
				EB6FA64D1C170FEC00313E15 /* Sources */,
				EB6FA64E1C170FEC00313E15 /* Frameworks */,
				EB6FA64F1C170FEC00313E15 /* Resources */,
				9D229EF89C4D18BD7CF50C30 /* Embed Pods Frameworks */,
				5D9ED6FCB93DD45694B1599E /* Copy Pods Resources */,
			);
			buildRules = (
			);
			dependencies = (
			);
			name = "pokedex-by-devslopes";
			productName = "pokedex-by-devslopes";
			productReference = EB6FA6511C170FEC00313E15 /* pokedex-by-devslopes.app */;
			productType = "com.apple.product-type.application";
		};
/* End PBXNativeTarget section */

/* Begin PBXProject section */
		EB6FA6491C170FEC00313E15 /* Project object */ = {
			isa = PBXProject;
			attributes = {
				LastSwiftUpdateCheck = 0710;
				LastUpgradeCheck = 0710;
				ORGANIZATIONNAME = pdrvz;
				TargetAttributes = {
					EB6FA6501C170FEC00313E15 = {
						CreatedOnToolsVersion = 7.1.1;
					};
				};
			};
			buildConfigurationList = EB6FA64C1C170FEC00313E15 /* Build configuration list for PBXProject "pokedex-by-devslopes" */;
			compatibilityVersion = "Xcode 3.2";
			developmentRegion = English;
			hasScannedForEncodings = 0;
			knownRegions = (
				en,
				Base,
			);
			mainGroup = EB6FA6481C170FEC00313E15;
			productRefGroup = EB6FA6521C170FEC00313E15 /* Products */;
			projectDirPath = "";
			projectRoot = "";
			targets = (
				EB6FA6501C170FEC00313E15 /* pokedex-by-devslopes */,
			);
		};
/* End PBXProject section */

/* Begin PBXResourcesBuildPhase section */
		EB6FA64F1C170FEC00313E15 /* Resources */ = {
			isa = PBXResourcesBuildPhase;
			buildActionMask = 2147483647;
			files = (
				EB6FA65F1C170FED00313E15 /* LaunchScreen.storyboard in Resources */,
				EB6FA65C1C170FED00313E15 /* Assets.xcassets in Resources */,
				EB6FA6761C1860E700313E15 /* music.mp3 in Resources */,
				EB6FA6671C171F2E00313E15 /* pokemon.csv in Resources */,
				EB6FA6741C185DD800313E15 /* PokemonSolid.ttf in Resources */,
				EB6FA65A1C170FED00313E15 /* Main.storyboard in Resources */,
			);
			runOnlyForDeploymentPostprocessing = 0;
		};
/* End PBXResourcesBuildPhase section */

/* Begin PBXShellScriptBuildPhase section */
		5D9ED6FCB93DD45694B1599E /* Copy Pods Resources */ = {
			isa = PBXShellScriptBuildPhase;
			buildActionMask = 2147483647;
			files = (
			);
			inputPaths = (
			);
			name = "Copy Pods Resources";
			outputPaths = (
			);
			runOnlyForDeploymentPostprocessing = 0;
			shellPath = /bin/sh;
			shellScript = "\"${SRCROOT}/Pods/Target Support Files/Pods-pokedex-by-devslopes/Pods-pokedex-by-devslopes-resources.sh\"\n";
			showEnvVarsInLog = 0;
		};
		8A0B13546CA3F846BC02188D /* Check Pods Manifest.lock */ = {
			isa = PBXShellScriptBuildPhase;
			buildActionMask = 2147483647;
			files = (
			);
			inputPaths = (
			);
			name = "Check Pods Manifest.lock";
			outputPaths = (
			);
			runOnlyForDeploymentPostprocessing = 0;
			shellPath = /bin/sh;
			shellScript = "diff \"${PODS_ROOT}/../Podfile.lock\" \"${PODS_ROOT}/Manifest.lock\" > /dev/null\nif [[ $? != 0 ]] ; then\n    cat << EOM\nerror: The sandbox is not in sync with the Podfile.lock. Run 'pod install' or update your CocoaPods installation.\nEOM\n    exit 1\nfi\n";
			showEnvVarsInLog = 0;
		};
		9D229EF89C4D18BD7CF50C30 /* Embed Pods Frameworks */ = {
			isa = PBXShellScriptBuildPhase;
			buildActionMask = 2147483647;
			files = (
			);
			inputPaths = (
			);
			name = "Embed Pods Frameworks";
			outputPaths = (
			);
			runOnlyForDeploymentPostprocessing = 0;
			shellPath = /bin/sh;
			shellScript = "\"${SRCROOT}/Pods/Target Support Files/Pods-pokedex-by-devslopes/Pods-pokedex-by-devslopes-frameworks.sh\"\n";
			showEnvVarsInLog = 0;
		};
/* End PBXShellScriptBuildPhase section */

/* Begin PBXSourcesBuildPhase section */
		EB6FA64D1C170FEC00313E15 /* Sources */ = {
			isa = PBXSourcesBuildPhase;
			buildActionMask = 2147483647;
			files = (
				EB6FA66E1C175EB700313E15 /* PokeCell.swift in Sources */,
				EB6FA6571C170FEC00313E15 /* ViewController.swift in Sources */,
				EB6FA6551C170FEC00313E15 /* AppDelegate.swift in Sources */,
				EB6FA6781C1889C900313E15 /* PokemonDetailVC.swift in Sources */,
				EB8649D31C1B06E200C6407E /* Constants.swift in Sources */,
				EB6FA66C1C174EFE00313E15 /* Pokemon.swift in Sources */,
				EB6FA6701C18533100313E15 /* csv.swift in Sources */,
			);
			runOnlyForDeploymentPostprocessing = 0;
		};
/* End PBXSourcesBuildPhase section */

/* Begin PBXVariantGroup section */
		EB6FA6581C170FED00313E15 /* Main.storyboard */ = {
			isa = PBXVariantGroup;
			children = (
				EB6FA6591C170FED00313E15 /* Base */,
			);
			name = Main.storyboard;
			sourceTree = "<group>";
		};
		EB6FA65D1C170FED00313E15 /* LaunchScreen.storyboard */ = {
			isa = PBXVariantGroup;
			children = (
				EB6FA65E1C170FED00313E15 /* Base */,
			);
			name = LaunchScreen.storyboard;
			sourceTree = "<group>";
		};
/* End PBXVariantGroup section */

/* Begin XCBuildConfiguration section */
		EB6FA6611C170FED00313E15 /* Debug */ = {
			isa = XCBuildConfiguration;
			buildSettings = {
				ALWAYS_SEARCH_USER_PATHS = NO;
				CLANG_CXX_LANGUAGE_STANDARD = "gnu++0x";
				CLANG_CXX_LIBRARY = "libc++";
				CLANG_ENABLE_MODULES = YES;
				CLANG_ENABLE_OBJC_ARC = YES;
				CLANG_WARN_BOOL_CONVERSION = YES;
				CLANG_WARN_CONSTANT_CONVERSION = YES;
				CLANG_WARN_DIRECT_OBJC_ISA_USAGE = YES_ERROR;
				CLANG_WARN_EMPTY_BODY = YES;
				CLANG_WARN_ENUM_CONVERSION = YES;
				CLANG_WARN_INT_CONVERSION = YES;
				CLANG_WARN_OBJC_ROOT_CLASS = YES_ERROR;
				CLANG_WARN_UNREACHABLE_CODE = YES;
				CLANG_WARN__DUPLICATE_METHOD_MATCH = YES;
				"CODE_SIGN_IDENTITY[sdk=iphoneos*]" = "iPhone Developer";
				COPY_PHASE_STRIP = NO;
				DEBUG_INFORMATION_FORMAT = dwarf;
				ENABLE_STRICT_OBJC_MSGSEND = YES;
				ENABLE_TESTABILITY = YES;
				GCC_C_LANGUAGE_STANDARD = gnu99;
				GCC_DYNAMIC_NO_PIC = NO;
				GCC_NO_COMMON_BLOCKS = YES;
				GCC_OPTIMIZATION_LEVEL = 0;
				GCC_PREPROCESSOR_DEFINITIONS = (
					"DEBUG=1",
					"$(inherited)",
				);
				GCC_WARN_64_TO_32_BIT_CONVERSION = YES;
				GCC_WARN_ABOUT_RETURN_TYPE = YES_ERROR;
				GCC_WARN_UNDECLARED_SELECTOR = YES;
				GCC_WARN_UNINITIALIZED_AUTOS = YES_AGGRESSIVE;
				GCC_WARN_UNUSED_FUNCTION = YES;
				GCC_WARN_UNUSED_VARIABLE = YES;
				IPHONEOS_DEPLOYMENT_TARGET = 9.1;
				MTL_ENABLE_DEBUG_INFO = YES;
				ONLY_ACTIVE_ARCH = YES;
				SDKROOT = iphoneos;
				SWIFT_OPTIMIZATION_LEVEL = "-Onone";
				TARGETED_DEVICE_FAMILY = "1,2";
			};
			name = Debug;
		};
		EB6FA6621C170FED00313E15 /* Release */ = {
			isa = XCBuildConfiguration;
			buildSettings = {
				ALWAYS_SEARCH_USER_PATHS = NO;
				CLANG_CXX_LANGUAGE_STANDARD = "gnu++0x";
				CLANG_CXX_LIBRARY = "libc++";
				CLANG_ENABLE_MODULES = YES;
				CLANG_ENABLE_OBJC_ARC = YES;
				CLANG_WARN_BOOL_CONVERSION = YES;
				CLANG_WARN_CONSTANT_CONVERSION = YES;
				CLANG_WARN_DIRECT_OBJC_ISA_USAGE = YES_ERROR;
				CLANG_WARN_EMPTY_BODY = YES;
				CLANG_WARN_ENUM_CONVERSION = YES;
				CLANG_WARN_INT_CONVERSION = YES;
				CLANG_WARN_OBJC_ROOT_CLASS = YES_ERROR;
				CLANG_WARN_UNREACHABLE_CODE = YES;
				CLANG_WARN__DUPLICATE_METHOD_MATCH = YES;
				"CODE_SIGN_IDENTITY[sdk=iphoneos*]" = "iPhone Developer";
				COPY_PHASE_STRIP = NO;
				DEBUG_INFORMATION_FORMAT = "dwarf-with-dsym";
				ENABLE_NS_ASSERTIONS = NO;
				ENABLE_STRICT_OBJC_MSGSEND = YES;
				GCC_C_LANGUAGE_STANDARD = gnu99;
				GCC_NO_COMMON_BLOCKS = YES;
				GCC_WARN_64_TO_32_BIT_CONVERSION = YES;
				GCC_WARN_ABOUT_RETURN_TYPE = YES_ERROR;
				GCC_WARN_UNDECLARED_SELECTOR = YES;
				GCC_WARN_UNINITIALIZED_AUTOS = YES_AGGRESSIVE;
				GCC_WARN_UNUSED_FUNCTION = YES;
				GCC_WARN_UNUSED_VARIABLE = YES;
				IPHONEOS_DEPLOYMENT_TARGET = 9.1;
				MTL_ENABLE_DEBUG_INFO = NO;
				SDKROOT = iphoneos;
				TARGETED_DEVICE_FAMILY = "1,2";
				VALIDATE_PRODUCT = YES;
			};
			name = Release;
		};
		EB6FA6641C170FED00313E15 /* Debug */ = {
			isa = XCBuildConfiguration;
			baseConfigurationReference = 7781A0F0EFC3E1339D4F946A /* Pods-pokedex-by-devslopes.debug.xcconfig */;
			buildSettings = {
				ASSETCATALOG_COMPILER_APPICON_NAME = AppIcon;
				INFOPLIST_FILE = "pokedex-by-devslopes/Info.plist";
				LD_RUNPATH_SEARCH_PATHS = "$(inherited) @executable_path/Frameworks";
				PRODUCT_BUNDLE_IDENTIFIER = "com.pdrvz.pokedex-by-devslopes";
				PRODUCT_NAME = "$(TARGET_NAME)";
			};
			name = Debug;
		};
		EB6FA6651C170FED00313E15 /* Release */ = {
			isa = XCBuildConfiguration;
			baseConfigurationReference = 645A6E6C3E01E9879A83BCE1 /* Pods-pokedex-by-devslopes.release.xcconfig */;
			buildSettings = {
				ASSETCATALOG_COMPILER_APPICON_NAME = AppIcon;
				INFOPLIST_FILE = "pokedex-by-devslopes/Info.plist";
				LD_RUNPATH_SEARCH_PATHS = "$(inherited) @executable_path/Frameworks";
				PRODUCT_BUNDLE_IDENTIFIER = "com.pdrvz.pokedex-by-devslopes";
				PRODUCT_NAME = "$(TARGET_NAME)";
			};
			name = Release;
		};
/* End XCBuildConfiguration section */

/* Begin XCConfigurationList section */
		EB6FA64C1C170FEC00313E15 /* Build configuration list for PBXProject "pokedex-by-devslopes" */ = {
			isa = XCConfigurationList;
			buildConfigurations = (
				EB6FA6611C170FED00313E15 /* Debug */,
				EB6FA6621C170FED00313E15 /* Release */,
			);
			defaultConfigurationIsVisible = 0;
			defaultConfigurationName = Release;
		};
		EB6FA6631C170FED00313E15 /* Build configuration list for PBXNativeTarget "pokedex-by-devslopes" */ = {
			isa = XCConfigurationList;
			buildConfigurations = (
				EB6FA6641C170FED00313E15 /* Debug */,
				EB6FA6651C170FED00313E15 /* Release */,
			);
			defaultConfigurationIsVisible = 0;
			defaultConfigurationName = Release;
		};
/* End XCConfigurationList section */
	};
	rootObject = EB6FA6491C170FEC00313E15 /* Project object */;
}
